// !$*UTF8*$!
{
	archiveVersion = 1;
	classes = {
	};
	objectVersion = 50;
	objects = {

/* Begin PBXBuildFile section */
		384016322357219D000A80CC /* CBToast.swift in Sources */ = {isa = PBXBuildFile; fileRef = 384016312357219D000A80CC /* CBToast.swift */; };
		3840163423581AA9000A80CC /* SettingViewController.swift in Sources */ = {isa = PBXBuildFile; fileRef = 3840163323581AA9000A80CC /* SettingViewController.swift */; };
		38DD6FB32351769800E0FF90 /* AppDelegate.swift in Sources */ = {isa = PBXBuildFile; fileRef = 38DD6FB22351769800E0FF90 /* AppDelegate.swift */; };
		38DD6FB52351769800E0FF90 /* ViewController.swift in Sources */ = {isa = PBXBuildFile; fileRef = 38DD6FB42351769800E0FF90 /* ViewController.swift */; };
		38DD6FB82351769800E0FF90 /* Main.storyboard in Resources */ = {isa = PBXBuildFile; fileRef = 38DD6FB62351769800E0FF90 /* Main.storyboard */; };
		38DD6FBA2351769800E0FF90 /* Assets.xcassets in Resources */ = {isa = PBXBuildFile; fileRef = 38DD6FB92351769800E0FF90 /* Assets.xcassets */; };
		38DD6FBD2351769800E0FF90 /* LaunchScreen.storyboard in Resources */ = {isa = PBXBuildFile; fileRef = 38DD6FBB2351769800E0FF90 /* LaunchScreen.storyboard */; };
		38DD6FC5235176DA00E0FF90 /* UCloudRtcSdk_ios.framework in Frameworks */ = {isa = PBXBuildFile; fileRef = 38DD6FC4235176DA00E0FF90 /* UCloudRtcSdk_ios.framework */; };
		38DD6FCA2351770900E0FF90 /* UCloudRtcSdk_ios.framework in Frameworks */ = {isa = PBXBuildFile; fileRef = 38DD6FC4235176DA00E0FF90 /* UCloudRtcSdk_ios.framework */; };
		38DD6FCB2351770900E0FF90 /* UCloudRtcSdk_ios.framework in Embed Frameworks */ = {isa = PBXBuildFile; fileRef = 38DD6FC4235176DA00E0FF90 /* UCloudRtcSdk_ios.framework */; settings = {ATTRIBUTES = (CodeSignOnCopy, RemoveHeadersOnCopy, ); }; };
		38DD6FCE235186BD00E0FF90 /* MeetingRoomViewController.swift in Sources */ = {isa = PBXBuildFile; fileRef = 38DD6FCD235186BD00E0FF90 /* MeetingRoomViewController.swift */; };
		38DD7066235482F200E0FF90 /* MeetingRoomCell.swift in Sources */ = {isa = PBXBuildFile; fileRef = 38DD7064235482F200E0FF90 /* MeetingRoomCell.swift */; };
		38DD7067235482F200E0FF90 /* MeetingRoomCell.xib in Resources */ = {isa = PBXBuildFile; fileRef = 38DD7065235482F200E0FF90 /* MeetingRoomCell.xib */; };
		38DD706A2355C7E300E0FF90 /* UIKit.framework in Frameworks */ = {isa = PBXBuildFile; fileRef = 38DD70692355C7E300E0FF90 /* UIKit.framework */; };
/* End PBXBuildFile section */

/* Begin PBXCopyFilesBuildPhase section */
		38DD6FCC2351770900E0FF90 /* Embed Frameworks */ = {
			isa = PBXCopyFilesBuildPhase;
			buildActionMask = 2147483647;
			dstPath = "";
			dstSubfolderSpec = 10;
			files = (
				38DD6FCB2351770900E0FF90 /* UCloudRtcSdk_ios.framework in Embed Frameworks */,
			);
			name = "Embed Frameworks";
			runOnlyForDeploymentPostprocessing = 0;
		};
/* End PBXCopyFilesBuildPhase section */

/* Begin PBXFileReference section */
		384016312357219D000A80CC /* CBToast.swift */ = {isa = PBXFileReference; fileEncoding = 4; lastKnownFileType = sourcecode.swift; path = CBToast.swift; sourceTree = "<group>"; };
		3840163323581AA9000A80CC /* SettingViewController.swift */ = {isa = PBXFileReference; lastKnownFileType = sourcecode.swift; path = SettingViewController.swift; sourceTree = "<group>"; };
		38DD6FAF2351769700E0FF90 /* UCloudRtcSdk-ios-demo-swift.app */ = {isa = PBXFileReference; explicitFileType = wrapper.application; includeInIndex = 0; path = "UCloudRtcSdk-ios-demo-swift.app"; sourceTree = BUILT_PRODUCTS_DIR; };
		38DD6FB22351769800E0FF90 /* AppDelegate.swift */ = {isa = PBXFileReference; lastKnownFileType = sourcecode.swift; path = AppDelegate.swift; sourceTree = "<group>"; };
		38DD6FB42351769800E0FF90 /* ViewController.swift */ = {isa = PBXFileReference; lastKnownFileType = sourcecode.swift; path = ViewController.swift; sourceTree = "<group>"; };
		38DD6FB72351769800E0FF90 /* Base */ = {isa = PBXFileReference; lastKnownFileType = file.storyboard; name = Base; path = Base.lproj/Main.storyboard; sourceTree = "<group>"; };
		38DD6FB92351769800E0FF90 /* Assets.xcassets */ = {isa = PBXFileReference; lastKnownFileType = folder.assetcatalog; path = Assets.xcassets; sourceTree = "<group>"; };
		38DD6FBC2351769800E0FF90 /* Base */ = {isa = PBXFileReference; lastKnownFileType = file.storyboard; name = Base; path = Base.lproj/LaunchScreen.storyboard; sourceTree = "<group>"; };
		38DD6FBE2351769800E0FF90 /* Info.plist */ = {isa = PBXFileReference; lastKnownFileType = text.plist.xml; path = Info.plist; sourceTree = "<group>"; };
		38DD6FC4235176DA00E0FF90 /* UCloudRtcSdk_ios.framework */ = {isa = PBXFileReference; lastKnownFileType = wrapper.framework; name = UCloudRtcSdk_ios.framework; path = "UCloudRtcSdk-ios-demo-swift/UCloudRtcSdk_ios.framework"; sourceTree = "<group>"; };
		38DD6FC6235176F200E0FF90 /* UCloudRtcSdk-ios-demo-swift-Bridging-Header.h */ = {isa = PBXFileReference; lastKnownFileType = sourcecode.c.h; path = "UCloudRtcSdk-ios-demo-swift-Bridging-Header.h"; sourceTree = "<group>"; };
		38DD6FCD235186BD00E0FF90 /* MeetingRoomViewController.swift */ = {isa = PBXFileReference; lastKnownFileType = sourcecode.swift; path = MeetingRoomViewController.swift; sourceTree = "<group>"; };
		38DD7064235482F200E0FF90 /* MeetingRoomCell.swift */ = {isa = PBXFileReference; lastKnownFileType = sourcecode.swift; path = MeetingRoomCell.swift; sourceTree = "<group>"; };
		38DD7065235482F200E0FF90 /* MeetingRoomCell.xib */ = {isa = PBXFileReference; lastKnownFileType = file.xib; path = MeetingRoomCell.xib; sourceTree = "<group>"; };
		38DD70692355C7E300E0FF90 /* UIKit.framework */ = {isa = PBXFileReference; lastKnownFileType = wrapper.framework; name = UIKit.framework; path = System/Library/Frameworks/UIKit.framework; sourceTree = SDKROOT; };
/* End PBXFileReference section */

/* Begin PBXFrameworksBuildPhase section */
		38DD6FAC2351769700E0FF90 /* Frameworks */ = {
			isa = PBXFrameworksBuildPhase;
			buildActionMask = 2147483647;
			files = (
				38DD706A2355C7E300E0FF90 /* UIKit.framework in Frameworks */,
				38DD6FC5235176DA00E0FF90 /* UCloudRtcSdk_ios.framework in Frameworks */,
				38DD6FCA2351770900E0FF90 /* UCloudRtcSdk_ios.framework in Frameworks */,
			);
			runOnlyForDeploymentPostprocessing = 0;
		};
/* End PBXFrameworksBuildPhase section */

/* Begin PBXGroup section */
		38DD6FA62351769700E0FF90 = {
			isa = PBXGroup;
			children = (
				38DD6FC4235176DA00E0FF90 /* UCloudRtcSdk_ios.framework */,
				38DD6FB12351769800E0FF90 /* UCloudRtcSdk-ios-demo-swift */,
				38DD6FB02351769700E0FF90 /* Products */,
				38DD70682355C7E200E0FF90 /* Frameworks */,
			);
			sourceTree = "<group>";
		};
		38DD6FB02351769700E0FF90 /* Products */ = {
			isa = PBXGroup;
			children = (
				38DD6FAF2351769700E0FF90 /* UCloudRtcSdk-ios-demo-swift.app */,
			);
			name = Products;
			sourceTree = "<group>";
		};
		38DD6FB12351769800E0FF90 /* UCloudRtcSdk-ios-demo-swift */ = {
			isa = PBXGroup;
			children = (
				384016312357219D000A80CC /* CBToast.swift */,
				38DD6FB22351769800E0FF90 /* AppDelegate.swift */,
				38DD6FB42351769800E0FF90 /* ViewController.swift */,
				3840163323581AA9000A80CC /* SettingViewController.swift */,
				38DD6FCD235186BD00E0FF90 /* MeetingRoomViewController.swift */,
				38DD7064235482F200E0FF90 /* MeetingRoomCell.swift */,
				38DD7065235482F200E0FF90 /* MeetingRoomCell.xib */,
				38DD6FB62351769800E0FF90 /* Main.storyboard */,
				38DD6FB92351769800E0FF90 /* Assets.xcassets */,
				38DD6FBB2351769800E0FF90 /* LaunchScreen.storyboard */,
				38DD6FBE2351769800E0FF90 /* Info.plist */,
				38DD6FC6235176F200E0FF90 /* UCloudRtcSdk-ios-demo-swift-Bridging-Header.h */,
			);
			path = "UCloudRtcSdk-ios-demo-swift";
			sourceTree = "<group>";
		};
		38DD70682355C7E200E0FF90 /* Frameworks */ = {
			isa = PBXGroup;
			children = (
				38DD70692355C7E300E0FF90 /* UIKit.framework */,
			);
			name = Frameworks;
			sourceTree = "<group>";
		};
/* End PBXGroup section */

/* Begin PBXNativeTarget section */
		38DD6FAE2351769700E0FF90 /* UCloudRtcSdk-ios-demo-swift */ = {
			isa = PBXNativeTarget;
			buildConfigurationList = 38DD6FC12351769800E0FF90 /* Build configuration list for PBXNativeTarget "UCloudRtcSdk-ios-demo-swift" */;
			buildPhases = (
				38DD6FAB2351769700E0FF90 /* Sources */,
				38DD6FAC2351769700E0FF90 /* Frameworks */,
				38DD6FAD2351769700E0FF90 /* Resources */,
				38DD6FCC2351770900E0FF90 /* Embed Frameworks */,
			);
			buildRules = (
			);
			dependencies = (
			);
			name = "UCloudRtcSdk-ios-demo-swift";
			productName = "UCloudRtcSdk-ios-demo-swift";
			productReference = 38DD6FAF2351769700E0FF90 /* UCloudRtcSdk-ios-demo-swift.app */;
			productType = "com.apple.product-type.application";
		};
/* End PBXNativeTarget section */

/* Begin PBXProject section */
		38DD6FA72351769700E0FF90 /* Project object */ = {
			isa = PBXProject;
			attributes = {
				LastSwiftUpdateCheck = 1020;
				LastUpgradeCheck = 1020;
				ORGANIZATIONNAME = Tony;
				TargetAttributes = {
					38DD6FAE2351769700E0FF90 = {
						CreatedOnToolsVersion = 10.2;
						LastSwiftMigration = 1020;
					};
				};
			};
			buildConfigurationList = 38DD6FAA2351769700E0FF90 /* Build configuration list for PBXProject "UCloudRtcSdk-ios-demo-swift" */;
			compatibilityVersion = "Xcode 9.3";
			developmentRegion = en;
			hasScannedForEncodings = 0;
			knownRegions = (
				en,
				Base,
			);
			mainGroup = 38DD6FA62351769700E0FF90;
			productRefGroup = 38DD6FB02351769700E0FF90 /* Products */;
			projectDirPath = "";
			projectRoot = "";
			targets = (
				38DD6FAE2351769700E0FF90 /* UCloudRtcSdk-ios-demo-swift */,
			);
		};
/* End PBXProject section */

/* Begin PBXResourcesBuildPhase section */
		38DD6FAD2351769700E0FF90 /* Resources */ = {
			isa = PBXResourcesBuildPhase;
			buildActionMask = 2147483647;
			files = (
				38DD6FBD2351769800E0FF90 /* LaunchScreen.storyboard in Resources */,
				38DD6FBA2351769800E0FF90 /* Assets.xcassets in Resources */,
				38DD7067235482F200E0FF90 /* MeetingRoomCell.xib in Resources */,
				38DD6FB82351769800E0FF90 /* Main.storyboard in Resources */,
			);
			runOnlyForDeploymentPostprocessing = 0;
		};
/* End PBXResourcesBuildPhase section */

/* Begin PBXSourcesBuildPhase section */
		38DD6FAB2351769700E0FF90 /* Sources */ = {
			isa = PBXSourcesBuildPhase;
			buildActionMask = 2147483647;
			files = (
				38DD6FB52351769800E0FF90 /* ViewController.swift in Sources */,
				384016322357219D000A80CC /* CBToast.swift in Sources */,
				38DD7066235482F200E0FF90 /* MeetingRoomCell.swift in Sources */,
				38DD6FB32351769800E0FF90 /* AppDelegate.swift in Sources */,
				38DD6FCE235186BD00E0FF90 /* MeetingRoomViewController.swift in Sources */,
				3840163423581AA9000A80CC /* SettingViewController.swift in Sources */,
			);
			runOnlyForDeploymentPostprocessing = 0;
		};
/* End PBXSourcesBuildPhase section */

/* Begin PBXVariantGroup section */
		38DD6FB62351769800E0FF90 /* Main.storyboard */ = {
			isa = PBXVariantGroup;
			children = (
				38DD6FB72351769800E0FF90 /* Base */,
			);
			name = Main.storyboard;
			sourceTree = "<group>";
		};
		38DD6FBB2351769800E0FF90 /* LaunchScreen.storyboard */ = {
			isa = PBXVariantGroup;
			children = (
				38DD6FBC2351769800E0FF90 /* Base */,
			);
			name = LaunchScreen.storyboard;
			sourceTree = "<group>";
		};
/* End PBXVariantGroup section */

/* Begin XCBuildConfiguration section */
		38DD6FBF2351769800E0FF90 /* Debug */ = {
			isa = XCBuildConfiguration;
			buildSettings = {
				ALWAYS_SEARCH_USER_PATHS = NO;
				CLANG_ANALYZER_NONNULL = YES;
				CLANG_ANALYZER_NUMBER_OBJECT_CONVERSION = YES_AGGRESSIVE;
				CLANG_CXX_LANGUAGE_STANDARD = "gnu++14";
				CLANG_CXX_LIBRARY = "libc++";
				CLANG_ENABLE_MODULES = YES;
				CLANG_ENABLE_OBJC_ARC = YES;
				CLANG_ENABLE_OBJC_WEAK = YES;
				CLANG_WARN_BLOCK_CAPTURE_AUTORELEASING = YES;
				CLANG_WARN_BOOL_CONVERSION = YES;
				CLANG_WARN_COMMA = YES;
				CLANG_WARN_CONSTANT_CONVERSION = YES;
				CLANG_WARN_DEPRECATED_OBJC_IMPLEMENTATIONS = YES;
				CLANG_WARN_DIRECT_OBJC_ISA_USAGE = YES_ERROR;
				CLANG_WARN_DOCUMENTATION_COMMENTS = YES;
				CLANG_WARN_EMPTY_BODY = YES;
				CLANG_WARN_ENUM_CONVERSION = YES;
				CLANG_WARN_INFINITE_RECURSION = YES;
				CLANG_WARN_INT_CONVERSION = YES;
				CLANG_WARN_NON_LITERAL_NULL_CONVERSION = YES;
				CLANG_WARN_OBJC_IMPLICIT_RETAIN_SELF = YES;
				CLANG_WARN_OBJC_LITERAL_CONVERSION = YES;
				CLANG_WARN_OBJC_ROOT_CLASS = YES_ERROR;
				CLANG_WARN_RANGE_LOOP_ANALYSIS = YES;
				CLANG_WARN_STRICT_PROTOTYPES = YES;
				CLANG_WARN_SUSPICIOUS_MOVE = YES;
				CLANG_WARN_UNGUARDED_AVAILABILITY = YES_AGGRESSIVE;
				CLANG_WARN_UNREACHABLE_CODE = YES;
				CLANG_WARN__DUPLICATE_METHOD_MATCH = YES;
				CODE_SIGN_IDENTITY = "iPhone Developer";
				COPY_PHASE_STRIP = NO;
				DEBUG_INFORMATION_FORMAT = dwarf;
				ENABLE_STRICT_OBJC_MSGSEND = YES;
				ENABLE_TESTABILITY = YES;
				GCC_C_LANGUAGE_STANDARD = gnu11;
				GCC_DYNAMIC_NO_PIC = NO;
				GCC_NO_COMMON_BLOCKS = YES;
				GCC_OPTIMIZATION_LEVEL = 0;
				GCC_PREPROCESSOR_DEFINITIONS = (
					"DEBUG=1",
					"$(inherited)",
				);
				GCC_WARN_64_TO_32_BIT_CONVERSION = YES;
				GCC_WARN_ABOUT_RETURN_TYPE = YES_ERROR;
				GCC_WARN_UNDECLARED_SELECTOR = YES;
				GCC_WARN_UNINITIALIZED_AUTOS = YES_AGGRESSIVE;
				GCC_WARN_UNUSED_FUNCTION = YES;
				GCC_WARN_UNUSED_VARIABLE = YES;
				IPHONEOS_DEPLOYMENT_TARGET = 12.2;
				MTL_ENABLE_DEBUG_INFO = INCLUDE_SOURCE;
				MTL_FAST_MATH = YES;
				ONLY_ACTIVE_ARCH = YES;
				SDKROOT = iphoneos;
				SWIFT_ACTIVE_COMPILATION_CONDITIONS = DEBUG;
				SWIFT_OPTIMIZATION_LEVEL = "-Onone";
			};
			name = Debug;
		};
		38DD6FC02351769800E0FF90 /* Release */ = {
			isa = XCBuildConfiguration;
			buildSettings = {
				ALWAYS_SEARCH_USER_PATHS = NO;
				CLANG_ANALYZER_NONNULL = YES;
				CLANG_ANALYZER_NUMBER_OBJECT_CONVERSION = YES_AGGRESSIVE;
				CLANG_CXX_LANGUAGE_STANDARD = "gnu++14";
				CLANG_CXX_LIBRARY = "libc++";
				CLANG_ENABLE_MODULES = YES;
				CLANG_ENABLE_OBJC_ARC = YES;
				CLANG_ENABLE_OBJC_WEAK = YES;
				CLANG_WARN_BLOCK_CAPTURE_AUTORELEASING = YES;
				CLANG_WARN_BOOL_CONVERSION = YES;
				CLANG_WARN_COMMA = YES;
				CLANG_WARN_CONSTANT_CONVERSION = YES;
				CLANG_WARN_DEPRECATED_OBJC_IMPLEMENTATIONS = YES;
				CLANG_WARN_DIRECT_OBJC_ISA_USAGE = YES_ERROR;
				CLANG_WARN_DOCUMENTATION_COMMENTS = YES;
				CLANG_WARN_EMPTY_BODY = YES;
				CLANG_WARN_ENUM_CONVERSION = YES;
				CLANG_WARN_INFINITE_RECURSION = YES;
				CLANG_WARN_INT_CONVERSION = YES;
				CLANG_WARN_NON_LITERAL_NULL_CONVERSION = YES;
				CLANG_WARN_OBJC_IMPLICIT_RETAIN_SELF = YES;
				CLANG_WARN_OBJC_LITERAL_CONVERSION = YES;
				CLANG_WARN_OBJC_ROOT_CLASS = YES_ERROR;
				CLANG_WARN_RANGE_LOOP_ANALYSIS = YES;
				CLANG_WARN_STRICT_PROTOTYPES = YES;
				CLANG_WARN_SUSPICIOUS_MOVE = YES;
				CLANG_WARN_UNGUARDED_AVAILABILITY = YES_AGGRESSIVE;
				CLANG_WARN_UNREACHABLE_CODE = YES;
				CLANG_WARN__DUPLICATE_METHOD_MATCH = YES;
				CODE_SIGN_IDENTITY = "iPhone Developer";
				COPY_PHASE_STRIP = NO;
				DEBUG_INFORMATION_FORMAT = "dwarf-with-dsym";
				ENABLE_NS_ASSERTIONS = NO;
				ENABLE_STRICT_OBJC_MSGSEND = YES;
				GCC_C_LANGUAGE_STANDARD = gnu11;
				GCC_NO_COMMON_BLOCKS = YES;
				GCC_WARN_64_TO_32_BIT_CONVERSION = YES;
				GCC_WARN_ABOUT_RETURN_TYPE = YES_ERROR;
				GCC_WARN_UNDECLARED_SELECTOR = YES;
				GCC_WARN_UNINITIALIZED_AUTOS = YES_AGGRESSIVE;
				GCC_WARN_UNUSED_FUNCTION = YES;
				GCC_WARN_UNUSED_VARIABLE = YES;
				IPHONEOS_DEPLOYMENT_TARGET = 12.2;
				MTL_ENABLE_DEBUG_INFO = NO;
				MTL_FAST_MATH = YES;
				SDKROOT = iphoneos;
				SWIFT_COMPILATION_MODE = wholemodule;
				SWIFT_OPTIMIZATION_LEVEL = "-O";
				VALIDATE_PRODUCT = YES;
			};
			name = Release;
		};
		38DD6FC22351769800E0FF90 /* Debug */ = {
			isa = XCBuildConfiguration;
			buildSettings = {
				ASSETCATALOG_COMPILER_APPICON_NAME = AppIcon;
				CLANG_ENABLE_MODULES = YES;
				CODE_SIGN_STYLE = Automatic;
				DEVELOPMENT_TEAM = CFP9KY4MGC;
				ENABLE_BITCODE = NO;
				FRAMEWORK_SEARCH_PATHS = (
					"$(inherited)",
					"$(PROJECT_DIR)/UCloudRtcSdk-ios-demo-swift",
				);
				INFOPLIST_FILE = "UCloudRtcSdk-ios-demo-swift/Info.plist";
				IPHONEOS_DEPLOYMENT_TARGET = 10.0;
				LD_RUNPATH_SEARCH_PATHS = (
					"$(inherited)",
					"@executable_path/Frameworks",
				);
				PRODUCT_BUNDLE_IDENTIFIER = "cn.ucloud.UCloudRtcSdk-ios-demo";
				PRODUCT_NAME = "$(TARGET_NAME)";
				SWIFT_OBJC_BRIDGING_HEADER = "UCloudRtcSdk-ios-demo-swift/UCloudRtcSdk-ios-demo-swift-Bridging-Header.h";
				SWIFT_OPTIMIZATION_LEVEL = "-Onone";
				SWIFT_VERSION = 5.0;
				TARGETED_DEVICE_FAMILY = "1,2";
				VALID_ARCHS = arm64;
			};
			name = Debug;
		};
		38DD6FC32351769800E0FF90 /* Release */ = {
			isa = XCBuildConfiguration;
			buildSettings = {
				ASSETCATALOG_COMPILER_APPICON_NAME = AppIcon;
				CLANG_ENABLE_MODULES = YES;
				CODE_SIGN_STYLE = Automatic;
				DEVELOPMENT_TEAM = CFP9KY4MGC;
				ENABLE_BITCODE = NO;
				FRAMEWORK_SEARCH_PATHS = (
					"$(inherited)",
					"$(PROJECT_DIR)/UCloudRtcSdk-ios-demo-swift",
				);
				INFOPLIST_FILE = "UCloudRtcSdk-ios-demo-swift/Info.plist";
				IPHONEOS_DEPLOYMENT_TARGET = 10.0;
				LD_RUNPATH_SEARCH_PATHS = (
					"$(inherited)",
					"@executable_path/Frameworks",
				);
				PRODUCT_BUNDLE_IDENTIFIER = "cn.ucloud.UCloudRtcSdk-ios-demo";
				PRODUCT_NAME = "$(TARGET_NAME)";
				SWIFT_OBJC_BRIDGING_HEADER = "UCloudRtcSdk-ios-demo-swift/UCloudRtcSdk-ios-demo-swift-Bridging-Header.h";
				SWIFT_VERSION = 5.0;
				TARGETED_DEVICE_FAMILY = "1,2";
				VALID_ARCHS = arm64;
			};
			name = Release;
		};
/* End XCBuildConfiguration section */

/* Begin XCConfigurationList section */
		38DD6FAA2351769700E0FF90 /* Build configuration list for PBXProject "UCloudRtcSdk-ios-demo-swift" */ = {
			isa = XCConfigurationList;
			buildConfigurations = (
				38DD6FBF2351769800E0FF90 /* Debug */,
				38DD6FC02351769800E0FF90 /* Release */,
			);
			defaultConfigurationIsVisible = 0;
			defaultConfigurationName = Release;
		};
		38DD6FC12351769800E0FF90 /* Build configuration list for PBXNativeTarget "UCloudRtcSdk-ios-demo-swift" */ = {
			isa = XCConfigurationList;
			buildConfigurations = (
				38DD6FC22351769800E0FF90 /* Debug */,
				38DD6FC32351769800E0FF90 /* Release */,
			);
			defaultConfigurationIsVisible = 0;
			defaultConfigurationName = Release;
		};
/* End XCConfigurationList section */
	};
	rootObject = 38DD6FA72351769700E0FF90 /* Project object */;
}
