// !$*UTF8*$!
{
	archiveVersion = 1;
	classes = {
	};
	objectVersion = 50;
	objects = {

/* Begin PBXBuildFile section */
		380721262282B9BB00725C0F /* ChatController.m in Sources */ = {isa = PBXBuildFile; fileRef = 380721252282B9BB00725C0F /* ChatController.m */; };
		3865BEA5228A74CB0018C797 /* WebRTC.framework in Frameworks */ = {isa = PBXBuildFile; fileRef = 3865BEA3228A74CB0018C797 /* WebRTC.framework */; };
		3865BEA7228A75020018C797 /* libc++.tbd in Frameworks */ = {isa = PBXBuildFile; fileRef = 3865BEA6228A75020018C797 /* libc++.tbd */; };
		3865BEA9228A750B0018C797 /* CoreMedia.framework in Frameworks */ = {isa = PBXBuildFile; fileRef = 3865BEA8228A750B0018C797 /* CoreMedia.framework */; };
		3865BEAB228A75150018C797 /* AVFoundation.framework in Frameworks */ = {isa = PBXBuildFile; fileRef = 3865BEAA228A75150018C797 /* AVFoundation.framework */; };
		3865BEAD228A75210018C797 /* libz.tbd in Frameworks */ = {isa = PBXBuildFile; fileRef = 3865BEAC228A75210018C797 /* libz.tbd */; };
		3865BEAF228A75350018C797 /* libresolv.tbd in Frameworks */ = {isa = PBXBuildFile; fileRef = 3865BEAE228A75350018C797 /* libresolv.tbd */; };
		3865BEB1228A754E0018C797 /* AudioToolbox.framework in Frameworks */ = {isa = PBXBuildFile; fileRef = 3865BEB0228A754E0018C797 /* AudioToolbox.framework */; };
		3865BEB3228A75850018C797 /* VideoToolbox.framework in Frameworks */ = {isa = PBXBuildFile; fileRef = 3865BEB2228A75850018C797 /* VideoToolbox.framework */; };
		3865BEB4228A75C40018C797 /* WebRTC.framework in Frameworks */ = {isa = PBXBuildFile; fileRef = 3865BEA3228A74CB0018C797 /* WebRTC.framework */; };
		3865BEB5228A75C40018C797 /* WebRTC.framework in CopyFiles */ = {isa = PBXBuildFile; fileRef = 3865BEA3228A74CB0018C797 /* WebRTC.framework */; settings = {ATTRIBUTES = (CodeSignOnCopy, RemoveHeadersOnCopy, ); }; };
		3865BEBD228BF99B0018C797 /* UCloudRtc.framework in Frameworks */ = {isa = PBXBuildFile; fileRef = 3865BEBC228BF99B0018C797 /* UCloudRtc.framework */; };
		58927CDD221BFDDC00900CD9 /* Assets.xcassets in Resources */ = {isa = PBXBuildFile; fileRef = 58927CDC221BFDDC00900CD9 /* Assets.xcassets */; };
		58927CE0221BFDDC00900CD9 /* LaunchScreen.storyboard in Resources */ = {isa = PBXBuildFile; fileRef = 58927CDE221BFDDC00900CD9 /* LaunchScreen.storyboard */; };
		58927CE3221BFDDC00900CD9 /* main.m in Sources */ = {isa = PBXBuildFile; fileRef = 58927CE2221BFDDC00900CD9 /* main.m */; };
		58927D20221BFE2800900CD9 /* AppDelegate.m in Sources */ = {isa = PBXBuildFile; fileRef = 58927D1C221BFE2800900CD9 /* AppDelegate.m */; };
		58927D21221BFE2800900CD9 /* RootController.m in Sources */ = {isa = PBXBuildFile; fileRef = 58927D1D221BFE2800900CD9 /* RootController.m */; };
		58927D25221C13A100900CD9 /* Main.storyboard in Resources */ = {isa = PBXBuildFile; fileRef = 58927D24221C13A100900CD9 /* Main.storyboard */; };
/* End PBXBuildFile section */

/* Begin PBXCopyFilesBuildPhase section */
		58927D22221C131B00900CD9 /* CopyFiles */ = {
			isa = PBXCopyFilesBuildPhase;
			buildActionMask = 2147483647;
			dstPath = "";
			dstSubfolderSpec = 10;
			files = (
				3865BEB5228A75C40018C797 /* WebRTC.framework in CopyFiles */,
			);
			runOnlyForDeploymentPostprocessing = 0;
		};
/* End PBXCopyFilesBuildPhase section */

/* Begin PBXFileReference section */
		380721252282B9BB00725C0F /* ChatController.m */ = {isa = PBXFileReference; fileEncoding = 4; lastKnownFileType = sourcecode.c.objc; path = ChatController.m; sourceTree = "<group>"; };
		3865BEA3228A74CB0018C797 /* WebRTC.framework */ = {isa = PBXFileReference; lastKnownFileType = wrapper.framework; name = WebRTC.framework; path = RTCDemo/WebRTC.framework; sourceTree = "<group>"; };
		3865BEA6228A75020018C797 /* libc++.tbd */ = {isa = PBXFileReference; lastKnownFileType = "sourcecode.text-based-dylib-definition"; name = "libc++.tbd"; path = "usr/lib/libc++.tbd"; sourceTree = SDKROOT; };
		3865BEA8228A750B0018C797 /* CoreMedia.framework */ = {isa = PBXFileReference; lastKnownFileType = wrapper.framework; name = CoreMedia.framework; path = System/Library/Frameworks/CoreMedia.framework; sourceTree = SDKROOT; };
		3865BEAA228A75150018C797 /* AVFoundation.framework */ = {isa = PBXFileReference; lastKnownFileType = wrapper.framework; name = AVFoundation.framework; path = System/Library/Frameworks/AVFoundation.framework; sourceTree = SDKROOT; };
		3865BEAC228A75210018C797 /* libz.tbd */ = {isa = PBXFileReference; lastKnownFileType = "sourcecode.text-based-dylib-definition"; name = libz.tbd; path = usr/lib/libz.tbd; sourceTree = SDKROOT; };
		3865BEAE228A75350018C797 /* libresolv.tbd */ = {isa = PBXFileReference; lastKnownFileType = "sourcecode.text-based-dylib-definition"; name = libresolv.tbd; path = usr/lib/libresolv.tbd; sourceTree = SDKROOT; };
		3865BEB0228A754E0018C797 /* AudioToolbox.framework */ = {isa = PBXFileReference; lastKnownFileType = wrapper.framework; name = AudioToolbox.framework; path = System/Library/Frameworks/AudioToolbox.framework; sourceTree = SDKROOT; };
		3865BEB2228A75850018C797 /* VideoToolbox.framework */ = {isa = PBXFileReference; lastKnownFileType = wrapper.framework; name = VideoToolbox.framework; path = System/Library/Frameworks/VideoToolbox.framework; sourceTree = SDKROOT; };
		3865BEBC228BF99B0018C797 /* UCloudRtc.framework */ = {isa = PBXFileReference; lastKnownFileType = wrapper.framework; name = UCloudRtc.framework; path = RTCDemo/UCloudRtc.framework; sourceTree = "<group>"; };
		58927CD0221BFDDB00900CD9 /* URTCDemo.app */ = {isa = PBXFileReference; explicitFileType = wrapper.application; includeInIndex = 0; path = URTCDemo.app; sourceTree = BUILT_PRODUCTS_DIR; };
		58927CDC221BFDDC00900CD9 /* Assets.xcassets */ = {isa = PBXFileReference; lastKnownFileType = folder.assetcatalog; path = Assets.xcassets; sourceTree = "<group>"; };
		58927CDF221BFDDC00900CD9 /* Base */ = {isa = PBXFileReference; lastKnownFileType = file.storyboard; name = Base; path = Base.lproj/LaunchScreen.storyboard; sourceTree = "<group>"; };
		58927CE1221BFDDC00900CD9 /* Info.plist */ = {isa = PBXFileReference; lastKnownFileType = text.plist.xml; path = Info.plist; sourceTree = "<group>"; };
		58927CE2221BFDDC00900CD9 /* main.m */ = {isa = PBXFileReference; lastKnownFileType = sourcecode.c.objc; path = main.m; sourceTree = "<group>"; };
		58927CEA221BFDFD00900CD9 /* libicucore.tbd */ = {isa = PBXFileReference; lastKnownFileType = "sourcecode.text-based-dylib-definition"; name = libicucore.tbd; path = usr/lib/libicucore.tbd; sourceTree = SDKROOT; };
		58927D1A221BFE2800900CD9 /* RootController.h */ = {isa = PBXFileReference; fileEncoding = 4; lastKnownFileType = sourcecode.c.h; path = RootController.h; sourceTree = "<group>"; };
		58927D1B221BFE2800900CD9 /* ChatController.h */ = {isa = PBXFileReference; fileEncoding = 4; lastKnownFileType = sourcecode.c.h; path = ChatController.h; sourceTree = "<group>"; };
		58927D1C221BFE2800900CD9 /* AppDelegate.m */ = {isa = PBXFileReference; fileEncoding = 4; lastKnownFileType = sourcecode.c.objc; path = AppDelegate.m; sourceTree = "<group>"; };
		58927D1D221BFE2800900CD9 /* RootController.m */ = {isa = PBXFileReference; fileEncoding = 4; lastKnownFileType = sourcecode.c.objc; path = RootController.m; sourceTree = "<group>"; };
		58927D1E221BFE2800900CD9 /* AppDelegate.h */ = {isa = PBXFileReference; fileEncoding = 4; lastKnownFileType = sourcecode.c.h; path = AppDelegate.h; sourceTree = "<group>"; };
		58927D24221C13A100900CD9 /* Main.storyboard */ = {isa = PBXFileReference; fileEncoding = 4; lastKnownFileType = file.storyboard; path = Main.storyboard; sourceTree = "<group>"; };
/* End PBXFileReference section */

/* Begin PBXFrameworksBuildPhase section */
		58927CCD221BFDDB00900CD9 /* Frameworks */ = {
			isa = PBXFrameworksBuildPhase;
			buildActionMask = 2147483647;
			files = (
				3865BEBD228BF99B0018C797 /* UCloudRtc.framework in Frameworks */,
				3865BEB3228A75850018C797 /* VideoToolbox.framework in Frameworks */,
				3865BEB1228A754E0018C797 /* AudioToolbox.framework in Frameworks */,
				3865BEAF228A75350018C797 /* libresolv.tbd in Frameworks */,
				3865BEB4228A75C40018C797 /* WebRTC.framework in Frameworks */,
				3865BEAD228A75210018C797 /* libz.tbd in Frameworks */,
				3865BEAB228A75150018C797 /* AVFoundation.framework in Frameworks */,
				3865BEA9228A750B0018C797 /* CoreMedia.framework in Frameworks */,
				3865BEA7228A75020018C797 /* libc++.tbd in Frameworks */,
				3865BEA5228A74CB0018C797 /* WebRTC.framework in Frameworks */,
			);
			runOnlyForDeploymentPostprocessing = 0;
		};
/* End PBXFrameworksBuildPhase section */

/* Begin PBXGroup section */
		58927CC7221BFDDB00900CD9 = {
			isa = PBXGroup;
			children = (
				58927CD2221BFDDB00900CD9 /* RTCDemo */,
				58927CD1221BFDDB00900CD9 /* Products */,
				58927CE9221BFDFD00900CD9 /* Frameworks */,
			);
			sourceTree = "<group>";
		};
		58927CD1221BFDDB00900CD9 /* Products */ = {
			isa = PBXGroup;
			children = (
				58927CD0221BFDDB00900CD9 /* URTCDemo.app */,
			);
			name = Products;
			sourceTree = "<group>";
		};
		58927CD2221BFDDB00900CD9 /* RTCDemo */ = {
			isa = PBXGroup;
			children = (
				58927D1E221BFE2800900CD9 /* AppDelegate.h */,
				58927D1C221BFE2800900CD9 /* AppDelegate.m */,
				58927D1B221BFE2800900CD9 /* ChatController.h */,
				380721252282B9BB00725C0F /* ChatController.m */,
				58927D1A221BFE2800900CD9 /* RootController.h */,
				58927D1D221BFE2800900CD9 /* RootController.m */,
				58927D24221C13A100900CD9 /* Main.storyboard */,
				58927CDC221BFDDC00900CD9 /* Assets.xcassets */,
				58927CDE221BFDDC00900CD9 /* LaunchScreen.storyboard */,
				58927CE1221BFDDC00900CD9 /* Info.plist */,
				58927CE2221BFDDC00900CD9 /* main.m */,
			);
			path = RTCDemo;
			sourceTree = "<group>";
		};
		58927CE9221BFDFD00900CD9 /* Frameworks */ = {
			isa = PBXGroup;
			children = (
				3865BEBC228BF99B0018C797 /* UCloudRtc.framework */,
				3865BEB2228A75850018C797 /* VideoToolbox.framework */,
				3865BEB0228A754E0018C797 /* AudioToolbox.framework */,
				3865BEAE228A75350018C797 /* libresolv.tbd */,
				3865BEAC228A75210018C797 /* libz.tbd */,
				3865BEAA228A75150018C797 /* AVFoundation.framework */,
				3865BEA8228A750B0018C797 /* CoreMedia.framework */,
				3865BEA6228A75020018C797 /* libc++.tbd */,
				3865BEA3228A74CB0018C797 /* WebRTC.framework */,
				58927CEA221BFDFD00900CD9 /* libicucore.tbd */,
			);
			name = Frameworks;
			sourceTree = "<group>";
		};
/* End PBXGroup section */

/* Begin PBXNativeTarget section */
		58927CCF221BFDDB00900CD9 /* URTCDemo */ = {
			isa = PBXNativeTarget;
			buildConfigurationList = 58927CE6221BFDDC00900CD9 /* Build configuration list for PBXNativeTarget "URTCDemo" */;
			buildPhases = (
				58927CCC221BFDDB00900CD9 /* Sources */,
				58927CCD221BFDDB00900CD9 /* Frameworks */,
				58927CCE221BFDDB00900CD9 /* Resources */,
				58927D22221C131B00900CD9 /* CopyFiles */,
			);
			buildRules = (
			);
			dependencies = (
			);
			name = URTCDemo;
			productName = RTCDemo;
			productReference = 58927CD0221BFDDB00900CD9 /* URTCDemo.app */;
			productType = "com.apple.product-type.application";
		};
/* End PBXNativeTarget section */

/* Begin PBXProject section */
		58927CC8221BFDDB00900CD9 /* Project object */ = {
			isa = PBXProject;
			attributes = {
				LastUpgradeCheck = 1010;
				ORGANIZATIONNAME = com.youpin;
				TargetAttributes = {
					58927CCF221BFDDB00900CD9 = {
						CreatedOnToolsVersion = 10.1;
						SystemCapabilities = {
							com.apple.BackgroundModes = {
								enabled = 1;
							};
						};
					};
				};
			};
			buildConfigurationList = 58927CCB221BFDDB00900CD9 /* Build configuration list for PBXProject "URTCDemo" */;
			compatibilityVersion = "Xcode 9.3";
			developmentRegion = en;
			hasScannedForEncodings = 0;
			knownRegions = (
				en,
				Base,
			);
			mainGroup = 58927CC7221BFDDB00900CD9;
			productRefGroup = 58927CD1221BFDDB00900CD9 /* Products */;
			projectDirPath = "";
			projectRoot = "";
			targets = (
				58927CCF221BFDDB00900CD9 /* URTCDemo */,
			);
		};
/* End PBXProject section */

/* Begin PBXResourcesBuildPhase section */
		58927CCE221BFDDB00900CD9 /* Resources */ = {
			isa = PBXResourcesBuildPhase;
			buildActionMask = 2147483647;
			files = (
				58927D25221C13A100900CD9 /* Main.storyboard in Resources */,
				58927CE0221BFDDC00900CD9 /* LaunchScreen.storyboard in Resources */,
				58927CDD221BFDDC00900CD9 /* Assets.xcassets in Resources */,
			);
			runOnlyForDeploymentPostprocessing = 0;
		};
/* End PBXResourcesBuildPhase section */

/* Begin PBXSourcesBuildPhase section */
		58927CCC221BFDDB00900CD9 /* Sources */ = {
			isa = PBXSourcesBuildPhase;
			buildActionMask = 2147483647;
			files = (
				58927D21221BFE2800900CD9 /* RootController.m in Sources */,
				58927CE3221BFDDC00900CD9 /* main.m in Sources */,
				380721262282B9BB00725C0F /* ChatController.m in Sources */,
				58927D20221BFE2800900CD9 /* AppDelegate.m in Sources */,
			);
			runOnlyForDeploymentPostprocessing = 0;
		};
/* End PBXSourcesBuildPhase section */

/* Begin PBXVariantGroup section */
		58927CDE221BFDDC00900CD9 /* LaunchScreen.storyboard */ = {
			isa = PBXVariantGroup;
			children = (
				58927CDF221BFDDC00900CD9 /* Base */,
			);
			name = LaunchScreen.storyboard;
			sourceTree = "<group>";
		};
/* End PBXVariantGroup section */

/* Begin XCBuildConfiguration section */
		58927CE4221BFDDC00900CD9 /* Debug */ = {
			isa = XCBuildConfiguration;
			buildSettings = {
				ALWAYS_SEARCH_USER_PATHS = NO;
				CLANG_ANALYZER_NONNULL = YES;
				CLANG_ANALYZER_NUMBER_OBJECT_CONVERSION = YES_AGGRESSIVE;
				CLANG_CXX_LANGUAGE_STANDARD = "gnu++14";
				CLANG_CXX_LIBRARY = "libc++";
				CLANG_ENABLE_MODULES = YES;
				CLANG_ENABLE_OBJC_ARC = YES;
				CLANG_ENABLE_OBJC_WEAK = YES;
				CLANG_WARN_BLOCK_CAPTURE_AUTORELEASING = YES;
				CLANG_WARN_BOOL_CONVERSION = YES;
				CLANG_WARN_COMMA = YES;
				CLANG_WARN_CONSTANT_CONVERSION = YES;
				CLANG_WARN_DEPRECATED_OBJC_IMPLEMENTATIONS = YES;
				CLANG_WARN_DIRECT_OBJC_ISA_USAGE = YES_ERROR;
				CLANG_WARN_DOCUMENTATION_COMMENTS = YES;
				CLANG_WARN_EMPTY_BODY = YES;
				CLANG_WARN_ENUM_CONVERSION = YES;
				CLANG_WARN_INFINITE_RECURSION = YES;
				CLANG_WARN_INT_CONVERSION = YES;
				CLANG_WARN_NON_LITERAL_NULL_CONVERSION = YES;
				CLANG_WARN_OBJC_IMPLICIT_RETAIN_SELF = YES;
				CLANG_WARN_OBJC_LITERAL_CONVERSION = YES;
				CLANG_WARN_OBJC_ROOT_CLASS = YES_ERROR;
				CLANG_WARN_RANGE_LOOP_ANALYSIS = YES;
				CLANG_WARN_STRICT_PROTOTYPES = YES;
				CLANG_WARN_SUSPICIOUS_MOVE = YES;
				CLANG_WARN_UNGUARDED_AVAILABILITY = YES_AGGRESSIVE;
				CLANG_WARN_UNREACHABLE_CODE = YES;
				CLANG_WARN__DUPLICATE_METHOD_MATCH = YES;
				CODE_SIGN_IDENTITY = "iPhone Developer";
				COPY_PHASE_STRIP = NO;
				DEBUG_INFORMATION_FORMAT = dwarf;
				ENABLE_STRICT_OBJC_MSGSEND = YES;
				ENABLE_TESTABILITY = YES;
				GCC_C_LANGUAGE_STANDARD = gnu11;
				GCC_DYNAMIC_NO_PIC = NO;
				GCC_NO_COMMON_BLOCKS = YES;
				GCC_OPTIMIZATION_LEVEL = 0;
				GCC_PREPROCESSOR_DEFINITIONS = (
					"DEBUG=1",
					"$(inherited)",
				);
				GCC_WARN_64_TO_32_BIT_CONVERSION = YES;
				GCC_WARN_ABOUT_RETURN_TYPE = YES_ERROR;
				GCC_WARN_UNDECLARED_SELECTOR = YES;
				GCC_WARN_UNINITIALIZED_AUTOS = YES_AGGRESSIVE;
				GCC_WARN_UNUSED_FUNCTION = YES;
				GCC_WARN_UNUSED_VARIABLE = YES;
				IPHONEOS_DEPLOYMENT_TARGET = 12.1;
				MTL_ENABLE_DEBUG_INFO = INCLUDE_SOURCE;
				MTL_FAST_MATH = YES;
				ONLY_ACTIVE_ARCH = YES;
				SDKROOT = iphoneos;
			};
			name = Debug;
		};
		58927CE5221BFDDC00900CD9 /* Release */ = {
			isa = XCBuildConfiguration;
			buildSettings = {
				ALWAYS_SEARCH_USER_PATHS = NO;
				CLANG_ANALYZER_NONNULL = YES;
				CLANG_ANALYZER_NUMBER_OBJECT_CONVERSION = YES_AGGRESSIVE;
				CLANG_CXX_LANGUAGE_STANDARD = "gnu++14";
				CLANG_CXX_LIBRARY = "libc++";
				CLANG_ENABLE_MODULES = YES;
				CLANG_ENABLE_OBJC_ARC = YES;
				CLANG_ENABLE_OBJC_WEAK = YES;
				CLANG_WARN_BLOCK_CAPTURE_AUTORELEASING = YES;
				CLANG_WARN_BOOL_CONVERSION = YES;
				CLANG_WARN_COMMA = YES;
				CLANG_WARN_CONSTANT_CONVERSION = YES;
				CLANG_WARN_DEPRECATED_OBJC_IMPLEMENTATIONS = YES;
				CLANG_WARN_DIRECT_OBJC_ISA_USAGE = YES_ERROR;
				CLANG_WARN_DOCUMENTATION_COMMENTS = YES;
				CLANG_WARN_EMPTY_BODY = YES;
				CLANG_WARN_ENUM_CONVERSION = YES;
				CLANG_WARN_INFINITE_RECURSION = YES;
				CLANG_WARN_INT_CONVERSION = YES;
				CLANG_WARN_NON_LITERAL_NULL_CONVERSION = YES;
				CLANG_WARN_OBJC_IMPLICIT_RETAIN_SELF = YES;
				CLANG_WARN_OBJC_LITERAL_CONVERSION = YES;
				CLANG_WARN_OBJC_ROOT_CLASS = YES_ERROR;
				CLANG_WARN_RANGE_LOOP_ANALYSIS = YES;
				CLANG_WARN_STRICT_PROTOTYPES = YES;
				CLANG_WARN_SUSPICIOUS_MOVE = YES;
				CLANG_WARN_UNGUARDED_AVAILABILITY = YES_AGGRESSIVE;
				CLANG_WARN_UNREACHABLE_CODE = YES;
				CLANG_WARN__DUPLICATE_METHOD_MATCH = YES;
				CODE_SIGN_IDENTITY = "iPhone Developer";
				COPY_PHASE_STRIP = NO;
				DEBUG_INFORMATION_FORMAT = "dwarf-with-dsym";
				ENABLE_NS_ASSERTIONS = NO;
				ENABLE_STRICT_OBJC_MSGSEND = YES;
				GCC_C_LANGUAGE_STANDARD = gnu11;
				GCC_NO_COMMON_BLOCKS = YES;
				GCC_WARN_64_TO_32_BIT_CONVERSION = YES;
				GCC_WARN_ABOUT_RETURN_TYPE = YES_ERROR;
				GCC_WARN_UNDECLARED_SELECTOR = YES;
				GCC_WARN_UNINITIALIZED_AUTOS = YES_AGGRESSIVE;
				GCC_WARN_UNUSED_FUNCTION = YES;
				GCC_WARN_UNUSED_VARIABLE = YES;
				IPHONEOS_DEPLOYMENT_TARGET = 12.1;
				MTL_ENABLE_DEBUG_INFO = NO;
				MTL_FAST_MATH = YES;
				SDKROOT = iphoneos;
				VALIDATE_PRODUCT = YES;
			};
			name = Release;
		};
		58927CE7221BFDDC00900CD9 /* Debug */ = {
			isa = XCBuildConfiguration;
			buildSettings = {
				ARCHS = arm64;
				ASSETCATALOG_COMPILER_APPICON_NAME = AppIcon;
				CODE_SIGN_IDENTITY = "iPhone Developer";
				CODE_SIGN_STYLE = Automatic;
				DEVELOPMENT_TEAM = CFP9KY4MGC;
				ENABLE_BITCODE = NO;
				FRAMEWORK_SEARCH_PATHS = (
					"$(inherited)",
					"$(PROJECT_DIR)/RTCDemo/Vendor/WebRTC",
					"$(PROJECT_DIR)/RTCDemo",
				);
				INFOPLIST_FILE = RTCDemo/Info.plist;
				IPHONEOS_DEPLOYMENT_TARGET = 12.2;
				LD_RUNPATH_SEARCH_PATHS = (
					"$(inherited)",
					"@executable_path/Frameworks",
				);
				OTHER_LDFLAGS = "-ObjC";
				PRODUCT_BUNDLE_IDENTIFIER = cn.ucloud.URTCSDK;
				PRODUCT_NAME = "$(TARGET_NAME)";
				PROVISIONING_PROFILE_SPECIFIER = "";
				TARGETED_DEVICE_FAMILY = 1;
				VALID_ARCHS = arm64;
			};
			name = Debug;
		};
		58927CE8221BFDDC00900CD9 /* Release */ = {
			isa = XCBuildConfiguration;
			buildSettings = {
				ARCHS = arm64;
				ASSETCATALOG_COMPILER_APPICON_NAME = AppIcon;
				CODE_SIGN_IDENTITY = "iPhone Developer";
				CODE_SIGN_STYLE = Automatic;
				DEVELOPMENT_TEAM = CFP9KY4MGC;
				ENABLE_BITCODE = NO;
				FRAMEWORK_SEARCH_PATHS = (
					"$(inherited)",
					"$(PROJECT_DIR)/RTCDemo/Vendor/WebRTC",
					"$(PROJECT_DIR)/RTCDemo",
				);
				INFOPLIST_FILE = RTCDemo/Info.plist;
				IPHONEOS_DEPLOYMENT_TARGET = 12.2;
				LD_RUNPATH_SEARCH_PATHS = (
					"$(inherited)",
					"@executable_path/Frameworks",
				);
				OTHER_LDFLAGS = "-ObjC";
				PRODUCT_BUNDLE_IDENTIFIER = cn.ucloud.URTCSDK;
				PRODUCT_NAME = "$(TARGET_NAME)";
				PROVISIONING_PROFILE_SPECIFIER = "";
				TARGETED_DEVICE_FAMILY = 1;
				VALID_ARCHS = arm64;
			};
			name = Release;
		};
/* End XCBuildConfiguration section */

/* Begin XCConfigurationList section */
		58927CCB221BFDDB00900CD9 /* Build configuration list for PBXProject "URTCDemo" */ = {
			isa = XCConfigurationList;
			buildConfigurations = (
				58927CE4221BFDDC00900CD9 /* Debug */,
				58927CE5221BFDDC00900CD9 /* Release */,
			);
			defaultConfigurationIsVisible = 0;
			defaultConfigurationName = Release;
		};
		58927CE6221BFDDC00900CD9 /* Build configuration list for PBXNativeTarget "URTCDemo" */ = {
			isa = XCConfigurationList;
			buildConfigurations = (
				58927CE7221BFDDC00900CD9 /* Debug */,
				58927CE8221BFDDC00900CD9 /* Release */,
			);
			defaultConfigurationIsVisible = 0;
			defaultConfigurationName = Release;
		};
/* End XCConfigurationList section */
	};
	rootObject = 58927CC8221BFDDB00900CD9 /* Project object */;
}
